// !$*UTF8*$!
{
	archiveVersion = 1;
	classes = {
	};
	objectVersion = 46;
	objects = {

/* Begin PBXBuildFile section */
		B6C02D7C1B578FC100CEC52F /* main.m in Sources */ = {isa = PBXBuildFile; fileRef = B6C02D7B1B578FC100CEC52F /* main.m */; };
		B6C02D7F1B578FC100CEC52F /* AppDelegate.m in Sources */ = {isa = PBXBuildFile; fileRef = B6C02D7E1B578FC100CEC52F /* AppDelegate.m */; };
		B6C02D821B578FC100CEC52F /* ViewController.m in Sources */ = {isa = PBXBuildFile; fileRef = B6C02D811B578FC100CEC52F /* ViewController.m */; };
		B6C02D851B578FC100CEC52F /* Main.storyboard in Resources */ = {isa = PBXBuildFile; fileRef = B6C02D831B578FC100CEC52F /* Main.storyboard */; };
		B6C02D871B578FC100CEC52F /* Images.xcassets in Resources */ = {isa = PBXBuildFile; fileRef = B6C02D861B578FC100CEC52F /* Images.xcassets */; };
		B6C02D8A1B578FC100CEC52F /* LaunchScreen.xib in Resources */ = {isa = PBXBuildFile; fileRef = B6C02D881B578FC100CEC52F /* LaunchScreen.xib */; };
		B6C02D961B578FC100CEC52F /* toolsTests.m in Sources */ = {isa = PBXBuildFile; fileRef = B6C02D951B578FC100CEC52F /* toolsTests.m */; };
/* End PBXBuildFile section */

/* Begin PBXContainerItemProxy section */
		B6C02D901B578FC100CEC52F /* PBXContainerItemProxy */ = {
			isa = PBXContainerItemProxy;
			containerPortal = B6C02D6E1B578FC100CEC52F /* Project object */;
			proxyType = 1;
			remoteGlobalIDString = B6C02D751B578FC100CEC52F;
			remoteInfo = tools;
		};
/* End PBXContainerItemProxy section */

/* Begin PBXFileReference section */
		B6C02D761B578FC100CEC52F /* tools.app */ = {isa = PBXFileReference; explicitFileType = wrapper.application; includeInIndex = 0; path = tools.app; sourceTree = BUILT_PRODUCTS_DIR; };
		B6C02D7A1B578FC100CEC52F /* Info.plist */ = {isa = PBXFileReference; lastKnownFileType = text.plist.xml; path = Info.plist; sourceTree = "<group>"; };
		B6C02D7B1B578FC100CEC52F /* main.m */ = {isa = PBXFileReference; lastKnownFileType = sourcecode.c.objc; path = main.m; sourceTree = "<group>"; };
		B6C02D7D1B578FC100CEC52F /* AppDelegate.h */ = {isa = PBXFileReference; lastKnownFileType = sourcecode.c.h; path = AppDelegate.h; sourceTree = "<group>"; };
		B6C02D7E1B578FC100CEC52F /* AppDelegate.m */ = {isa = PBXFileReference; lastKnownFileType = sourcecode.c.objc; path = AppDelegate.m; sourceTree = "<group>"; };
		B6C02D801B578FC100CEC52F /* ViewController.h */ = {isa = PBXFileReference; lastKnownFileType = sourcecode.c.h; path = ViewController.h; sourceTree = "<group>"; };
		B6C02D811B578FC100CEC52F /* ViewController.m */ = {isa = PBXFileReference; lastKnownFileType = sourcecode.c.objc; path = ViewController.m; sourceTree = "<group>"; };
		B6C02D841B578FC100CEC52F /* Base */ = {isa = PBXFileReference; lastKnownFileType = file.storyboard; name = Base; path = Base.lproj/Main.storyboard; sourceTree = "<group>"; };
		B6C02D861B578FC100CEC52F /* Images.xcassets */ = {isa = PBXFileReference; lastKnownFileType = folder.assetcatalog; path = Images.xcassets; sourceTree = "<group>"; };
		B6C02D891B578FC100CEC52F /* Base */ = {isa = PBXFileReference; lastKnownFileType = file.xib; name = Base; path = Base.lproj/LaunchScreen.xib; sourceTree = "<group>"; };
		B6C02D8F1B578FC100CEC52F /* toolsTests.xctest */ = {isa = PBXFileReference; explicitFileType = wrapper.cfbundle; includeInIndex = 0; path = toolsTests.xctest; sourceTree = BUILT_PRODUCTS_DIR; };
		B6C02D941B578FC100CEC52F /* Info.plist */ = {isa = PBXFileReference; lastKnownFileType = text.plist.xml; path = Info.plist; sourceTree = "<group>"; };
		B6C02D951B578FC100CEC52F /* toolsTests.m */ = {isa = PBXFileReference; lastKnownFileType = sourcecode.c.objc; path = toolsTests.m; sourceTree = "<group>"; };
		B6C02DA11B5790C100CEC52F /* ConstDefine.h */ = {isa = PBXFileReference; fileEncoding = 4; lastKnownFileType = sourcecode.c.h; path = ConstDefine.h; sourceTree = "<group>"; };
/* End PBXFileReference section */

/* Begin PBXFrameworksBuildPhase section */
		B6C02D731B578FC100CEC52F /* Frameworks */ = {
			isa = PBXFrameworksBuildPhase;
			buildActionMask = 2147483647;
			files = (
			);
			runOnlyForDeploymentPostprocessing = 0;
		};
		B6C02D8C1B578FC100CEC52F /* Frameworks */ = {
			isa = PBXFrameworksBuildPhase;
			buildActionMask = 2147483647;
			files = (
			);
			runOnlyForDeploymentPostprocessing = 0;
		};
/* End PBXFrameworksBuildPhase section */

/* Begin PBXGroup section */
		B6C02D6D1B578FC100CEC52F = {
			isa = PBXGroup;
			children = (
				B6C02D781B578FC100CEC52F /* tools */,
				B6C02D921B578FC100CEC52F /* toolsTests */,
				B6C02D771B578FC100CEC52F /* Products */,
			);
			sourceTree = "<group>";
		};
		B6C02D771B578FC100CEC52F /* Products */ = {
			isa = PBXGroup;
			children = (
				B6C02D761B578FC100CEC52F /* tools.app */,
				B6C02D8F1B578FC100CEC52F /* toolsTests.xctest */,
			);
			name = Products;
			sourceTree = "<group>";
		};
		B6C02D781B578FC100CEC52F /* tools */ = {
			isa = PBXGroup;
			children = (
				B6C02DA01B57906700CEC52F /* App */,
				B6C02D791B578FC100CEC52F /* Supporting Files */,
				B6C02DA11B5790C100CEC52F /* ConstDefine.h */,
			);
			path = tools;
			sourceTree = "<group>";
		};
		B6C02D791B578FC100CEC52F /* Supporting Files */ = {
			isa = PBXGroup;
			children = (
				B6C02D7A1B578FC100CEC52F /* Info.plist */,
				B6C02D7B1B578FC100CEC52F /* main.m */,
			);
			name = "Supporting Files";
			sourceTree = "<group>";
		};
		B6C02D921B578FC100CEC52F /* toolsTests */ = {
			isa = PBXGroup;
			children = (
				B6C02D951B578FC100CEC52F /* toolsTests.m */,
				B6C02D931B578FC100CEC52F /* Supporting Files */,
			);
			path = toolsTests;
			sourceTree = "<group>";
		};
		B6C02D931B578FC100CEC52F /* Supporting Files */ = {
			isa = PBXGroup;
			children = (
				B6C02D941B578FC100CEC52F /* Info.plist */,
			);
			name = "Supporting Files";
			sourceTree = "<group>";
		};
		B6C02DA01B57906700CEC52F /* App */ = {
			isa = PBXGroup;
			children = (
				B6C02D7D1B578FC100CEC52F /* AppDelegate.h */,
				B6C02D7E1B578FC100CEC52F /* AppDelegate.m */,
				B6C02D801B578FC100CEC52F /* ViewController.h */,
				B6C02D811B578FC100CEC52F /* ViewController.m */,
				B6C02D831B578FC100CEC52F /* Main.storyboard */,
				B6C02D861B578FC100CEC52F /* Images.xcassets */,
				B6C02D881B578FC100CEC52F /* LaunchScreen.xib */,
			);
			name = App;
			sourceTree = "<group>";
		};
/* End PBXGroup section */

/* Begin PBXNativeTarget section */
		B6C02D751B578FC100CEC52F /* tools */ = {
			isa = PBXNativeTarget;
			buildConfigurationList = B6C02D991B578FC100CEC52F /* Build configuration list for PBXNativeTarget "tools" */;
			buildPhases = (
				B6C02D721B578FC100CEC52F /* Sources */,
				B6C02D731B578FC100CEC52F /* Frameworks */,
				B6C02D741B578FC100CEC52F /* Resources */,
			);
			buildRules = (
			);
			dependencies = (
			);
			name = tools;
			productName = tools;
			productReference = B6C02D761B578FC100CEC52F /* tools.app */;
			productType = "com.apple.product-type.application";
		};
		B6C02D8E1B578FC100CEC52F /* toolsTests */ = {
			isa = PBXNativeTarget;
			buildConfigurationList = B6C02D9C1B578FC100CEC52F /* Build configuration list for PBXNativeTarget "toolsTests" */;
			buildPhases = (
				B6C02D8B1B578FC100CEC52F /* Sources */,
				B6C02D8C1B578FC100CEC52F /* Frameworks */,
				B6C02D8D1B578FC100CEC52F /* Resources */,
			);
			buildRules = (
			);
			dependencies = (
				B6C02D911B578FC100CEC52F /* PBXTargetDependency */,
			);
			name = toolsTests;
			productName = toolsTests;
			productReference = B6C02D8F1B578FC100CEC52F /* toolsTests.xctest */;
			productType = "com.apple.product-type.bundle.unit-test";
		};
/* End PBXNativeTarget section */

/* Begin PBXProject section */
		B6C02D6E1B578FC100CEC52F /* Project object */ = {
			isa = PBXProject;
			attributes = {
				LastUpgradeCheck = 0640;
				ORGANIZATIONNAME = klarm;
				TargetAttributes = {
					B6C02D751B578FC100CEC52F = {
						CreatedOnToolsVersion = 6.4;
					};
					B6C02D8E1B578FC100CEC52F = {
						CreatedOnToolsVersion = 6.4;
						TestTargetID = B6C02D751B578FC100CEC52F;
					};
				};
			};
			buildConfigurationList = B6C02D711B578FC100CEC52F /* Build configuration list for PBXProject "tools" */;
			compatibilityVersion = "Xcode 3.2";
			developmentRegion = English;
			hasScannedForEncodings = 0;
			knownRegions = (
				en,
				Base,
			);
			mainGroup = B6C02D6D1B578FC100CEC52F;
			productRefGroup = B6C02D771B578FC100CEC52F /* Products */;
			projectDirPath = "";
			projectRoot = "";
			targets = (
				B6C02D751B578FC100CEC52F /* tools */,
				B6C02D8E1B578FC100CEC52F /* toolsTests */,
			);
		};
/* End PBXProject section */

/* Begin PBXResourcesBuildPhase section */
		B6C02D741B578FC100CEC52F /* Resources */ = {
			isa = PBXResourcesBuildPhase;
			buildActionMask = 2147483647;
			files = (
				B6C02D851B578FC100CEC52F /* Main.storyboard in Resources */,
				B6C02D8A1B578FC100CEC52F /* LaunchScreen.xib in Resources */,
				B6C02D871B578FC100CEC52F /* Images.xcassets in Resources */,
			);
			runOnlyForDeploymentPostprocessing = 0;
		};
		B6C02D8D1B578FC100CEC52F /* Resources */ = {
			isa = PBXResourcesBuildPhase;
			buildActionMask = 2147483647;
			files = (
			);
			runOnlyForDeploymentPostprocessing = 0;
		};
/* End PBXResourcesBuildPhase section */

/* Begin PBXSourcesBuildPhase section */
		B6C02D721B578FC100CEC52F /* Sources */ = {
			isa = PBXSourcesBuildPhase;
			buildActionMask = 2147483647;
			files = (
				B6C02D821B578FC100CEC52F /* ViewController.m in Sources */,
				B6C02D7F1B578FC100CEC52F /* AppDelegate.m in Sources */,
				B6C02D7C1B578FC100CEC52F /* main.m in Sources */,
			);
			runOnlyForDeploymentPostprocessing = 0;
		};
		B6C02D8B1B578FC100CEC52F /* Sources */ = {
			isa = PBXSourcesBuildPhase;
			buildActionMask = 2147483647;
			files = (
				B6C02D961B578FC100CEC52F /* toolsTests.m in Sources */,
			);
			runOnlyForDeploymentPostprocessing = 0;
		};
/* End PBXSourcesBuildPhase section */

/* Begin PBXTargetDependency section */
		B6C02D911B578FC100CEC52F /* PBXTargetDependency */ = {
			isa = PBXTargetDependency;
			target = B6C02D751B578FC100CEC52F /* tools */;
			targetProxy = B6C02D901B578FC100CEC52F /* PBXContainerItemProxy */;
		};
/* End PBXTargetDependency section */

/* Begin PBXVariantGroup section */
		B6C02D831B578FC100CEC52F /* Main.storyboard */ = {
			isa = PBXVariantGroup;
			children = (
				B6C02D841B578FC100CEC52F /* Base */,
			);
			name = Main.storyboard;
			sourceTree = "<group>";
		};
		B6C02D881B578FC100CEC52F /* LaunchScreen.xib */ = {
			isa = PBXVariantGroup;
			children = (
				B6C02D891B578FC100CEC52F /* Base */,
			);
			name = LaunchScreen.xib;
			sourceTree = "<group>";
		};
/* End PBXVariantGroup section */

/* Begin XCBuildConfiguration section */
		B6C02D971B578FC100CEC52F /* Debug */ = {
			isa = XCBuildConfiguration;
			buildSettings = {
				ALWAYS_SEARCH_USER_PATHS = NO;
				CLANG_CXX_LANGUAGE_STANDARD = "gnu++0x";
				CLANG_CXX_LIBRARY = "libc++";
				CLANG_ENABLE_MODULES = YES;
				CLANG_ENABLE_OBJC_ARC = YES;
				CLANG_WARN_BOOL_CONVERSION = YES;
				CLANG_WARN_CONSTANT_CONVERSION = YES;
				CLANG_WARN_DIRECT_OBJC_ISA_USAGE = YES_ERROR;
				CLANG_WARN_EMPTY_BODY = YES;
				CLANG_WARN_ENUM_CONVERSION = YES;
				CLANG_WARN_INT_CONVERSION = YES;
				CLANG_WARN_OBJC_ROOT_CLASS = YES_ERROR;
				CLANG_WARN_UNREACHABLE_CODE = YES;
				CLANG_WARN__DUPLICATE_METHOD_MATCH = YES;
				"CODE_SIGN_IDENTITY[sdk=iphoneos*]" = "iPhone Developer";
				COPY_PHASE_STRIP = NO;
				DEBUG_INFORMATION_FORMAT = "dwarf-with-dsym";
				ENABLE_STRICT_OBJC_MSGSEND = YES;
				GCC_C_LANGUAGE_STANDARD = gnu99;
				GCC_DYNAMIC_NO_PIC = NO;
				GCC_NO_COMMON_BLOCKS = YES;
				GCC_OPTIMIZATION_LEVEL = 0;
				GCC_PREPROCESSOR_DEFINITIONS = (
					"DEBUG=1",
					"$(inherited)",
				);
				GCC_SYMBOLS_PRIVATE_EXTERN = NO;
				GCC_WARN_64_TO_32_BIT_CONVERSION = YES;
				GCC_WARN_ABOUT_RETURN_TYPE = YES_ERROR;
				GCC_WARN_UNDECLARED_SELECTOR = YES;
				GCC_WARN_UNINITIALIZED_AUTOS = YES_AGGRESSIVE;
				GCC_WARN_UNUSED_FUNCTION = YES;
				GCC_WARN_UNUSED_VARIABLE = YES;
				IPHONEOS_DEPLOYMENT_TARGET = 8.4;
				MTL_ENABLE_DEBUG_INFO = YES;
				ONLY_ACTIVE_ARCH = YES;
				SDKROOT = iphoneos;
				TARGETED_DEVICE_FAMILY = "1,2";
			};
			name = Debug;
		};
		B6C02D981B578FC100CEC52F /* Release */ = {
			isa = XCBuildConfiguration;
			buildSettings = {
				ALWAYS_SEARCH_USER_PATHS = NO;
				CLANG_CXX_LANGUAGE_STANDARD = "gnu++0x";
				CLANG_CXX_LIBRARY = "libc++";
				CLANG_ENABLE_MODULES = YES;
				CLANG_ENABLE_OBJC_ARC = YES;
				CLANG_WARN_BOOL_CONVERSION = YES;
				CLANG_WARN_CONSTANT_CONVERSION = YES;
				CLANG_WARN_DIRECT_OBJC_ISA_USAGE = YES_ERROR;
				CLANG_WARN_EMPTY_BODY = YES;
				CLANG_WARN_ENUM_CONVERSION = YES;
				CLANG_WARN_INT_CONVERSION = YES;
				CLANG_WARN_OBJC_ROOT_CLASS = YES_ERROR;
				CLANG_WARN_UNREACHABLE_CODE = YES;
				CLANG_WARN__DUPLICATE_METHOD_MATCH = YES;
				"CODE_SIGN_IDENTITY[sdk=iphoneos*]" = "iPhone Developer";
				COPY_PHASE_STRIP = NO;
				DEBUG_INFORMATION_FORMAT = "dwarf-with-dsym";
				ENABLE_NS_ASSERTIONS = NO;
				ENABLE_STRICT_OBJC_MSGSEND = YES;
				GCC_C_LANGUAGE_STANDARD = gnu99;
				GCC_NO_COMMON_BLOCKS = YES;
				GCC_WARN_64_TO_32_BIT_CONVERSION = YES;
				GCC_WARN_ABOUT_RETURN_TYPE = YES_ERROR;
				GCC_WARN_UNDECLARED_SELECTOR = YES;
				GCC_WARN_UNINITIALIZED_AUTOS = YES_AGGRESSIVE;
				GCC_WARN_UNUSED_FUNCTION = YES;
				GCC_WARN_UNUSED_VARIABLE = YES;
				IPHONEOS_DEPLOYMENT_TARGET = 8.4;
				MTL_ENABLE_DEBUG_INFO = NO;
				SDKROOT = iphoneos;
				TARGETED_DEVICE_FAMILY = "1,2";
				VALIDATE_PRODUCT = YES;
			};
			name = Release;
		};
		B6C02D9A1B578FC100CEC52F /* Debug */ = {
			isa = XCBuildConfiguration;
			buildSettings = {
				ASSETCATALOG_COMPILER_APPICON_NAME = AppIcon;
				INFOPLIST_FILE = tools/Info.plist;
				LD_RUNPATH_SEARCH_PATHS = "$(inherited) @executable_path/Frameworks";
				PRODUCT_NAME = "$(TARGET_NAME)";
			};
			name = Debug;
		};
		B6C02D9B1B578FC100CEC52F /* Release */ = {
			isa = XCBuildConfiguration;
			buildSettings = {
				ASSETCATALOG_COMPILER_APPICON_NAME = AppIcon;
				INFOPLIST_FILE = tools/Info.plist;
				LD_RUNPATH_SEARCH_PATHS = "$(inherited) @executable_path/Frameworks";
				PRODUCT_NAME = "$(TARGET_NAME)";
			};
			name = Release;
		};
		B6C02D9D1B578FC100CEC52F /* Debug */ = {
			isa = XCBuildConfiguration;
			buildSettings = {
				BUNDLE_LOADER = "$(TEST_HOST)";
				FRAMEWORK_SEARCH_PATHS = (
					"$(SDKROOT)/Developer/Library/Frameworks",
					"$(inherited)",
				);
				GCC_PREPROCESSOR_DEFINITIONS = (
					"DEBUG=1",
					"$(inherited)",
				);
				INFOPLIST_FILE = toolsTests/Info.plist;
				LD_RUNPATH_SEARCH_PATHS = "$(inherited) @executable_path/Frameworks @loader_path/Frameworks";
				PRODUCT_NAME = "$(TARGET_NAME)";
				TEST_HOST = "$(BUILT_PRODUCTS_DIR)/tools.app/tools";
			};
			name = Debug;
		};
		B6C02D9E1B578FC100CEC52F /* Release */ = {
			isa = XCBuildConfiguration;
			buildSettings = {
				BUNDLE_LOADER = "$(TEST_HOST)";
				FRAMEWORK_SEARCH_PATHS = (
					"$(SDKROOT)/Developer/Library/Frameworks",
					"$(inherited)",
				);
				INFOPLIST_FILE = toolsTests/Info.plist;
				LD_RUNPATH_SEARCH_PATHS = "$(inherited) @executable_path/Frameworks @loader_path/Frameworks";
				PRODUCT_NAME = "$(TARGET_NAME)";
				TEST_HOST = "$(BUILT_PRODUCTS_DIR)/tools.app/tools";
			};
			name = Release;
		};
/* End XCBuildConfiguration section */

/* Begin XCConfigurationList section */
		B6C02D711B578FC100CEC52F /* Build configuration list for PBXProject "tools" */ = {
			isa = XCConfigurationList;
			buildConfigurations = (
				B6C02D971B578FC100CEC52F /* Debug */,
				B6C02D981B578FC100CEC52F /* Release */,
			);
			defaultConfigurationIsVisible = 0;
			defaultConfigurationName = Release;
		};
		B6C02D991B578FC100CEC52F /* Build configuration list for PBXNativeTarget "tools" */ = {
			isa = XCConfigurationList;
			buildConfigurations = (
				B6C02D9A1B578FC100CEC52F /* Debug */,
				B6C02D9B1B578FC100CEC52F /* Release */,
			);
			defaultConfigurationIsVisible = 0;
			defaultConfigurationName = Release;
		};
		B6C02D9C1B578FC100CEC52F /* Build configuration list for PBXNativeTarget "toolsTests" */ = {
			isa = XCConfigurationList;
			buildConfigurations = (
				B6C02D9D1B578FC100CEC52F /* Debug */,
				B6C02D9E1B578FC100CEC52F /* Release */,
			);
			defaultConfigurationIsVisible = 0;
			defaultConfigurationName = Release;
		};
/* End XCConfigurationList section */
	};
	rootObject = B6C02D6E1B578FC100CEC52F /* Project object */;
}
